{"filter":false,"title":"Gemfile.lock","tooltip":"/myecfo_tools/Gemfile.lock","undoManager":{"mark":-1,"position":-1,"stack":[]},"ace":{"folds":[],"scrolltop":1684.5,"scrollleft":0,"selection":{"start":{"row":142,"column":33},"end":{"row":142,"column":33},"isBackwards":false},"options":{"guessTabSize":true,"useWrapMode":false,"wrapToView":true},"firstLineState":{"row":119,"state":"start","mode":"ace/mode/text"}},"hash":"7a71dba4952a6490d375c04399e0063a4b2ec58a","timestamp":1524783526310}